# This file is automatically @generated by Poetry 1.7.1 and should not be changed by hand.

[[package]]
name = "anyio"
version = "4.2.0"
description = "High level compatibility layer for multiple asynchronous event loop implementations"
optional = false
python-versions = ">=3.8"
files = [
    {file = "anyio-4.2.0-py3-none-any.whl", hash = "sha256:745843b39e829e108e518c489b31dc757de7d2131d53fac32bd8df268227bfee"},
    {file = "anyio-4.2.0.tar.gz", hash = "sha256:e1875bb4b4e2de1669f4bc7869b6d3f54231cdced71605e6e64c9be77e3be50f"},
]

[package.dependencies]
exceptiongroup = {version = ">=1.0.2", markers = "python_version < \"3.11\""}
idna = ">=2.8"
sniffio = ">=1.1"
typing-extensions = {version = ">=4.1", markers = "python_version < \"3.11\""}

[package.extras]
doc = ["Sphinx (>=7)", "packaging", "sphinx-autodoc-typehints (>=1.2.0)", "sphinx-rtd-theme"]
test = ["anyio[trio]", "coverage[toml] (>=7)", "exceptiongroup (>=1.2.0)", "hypothesis (>=4.0)", "psutil (>=5.9)", "pytest (>=7.0)", "pytest-mock (>=3.6.1)", "trustme", "uvloop (>=0.17)"]
trio = ["trio (>=0.23)"]

[[package]]
name = "attrs"
version = "23.1.0"
description = "Classes Without Boilerplate"
optional = false
python-versions = ">=3.7"
files = [
    {file = "attrs-23.1.0-py3-none-any.whl", hash = "sha256:1f28b4522cdc2fb4256ac1a020c78acf9cba2c6b461ccd2c126f3aa8e8335d04"},
    {file = "attrs-23.1.0.tar.gz", hash = "sha256:6279836d581513a26f1bf235f9acd333bc9115683f14f7e8fae46c98fc50e015"},
]

[package.extras]
cov = ["attrs[tests]", "coverage[toml] (>=5.3)"]
dev = ["attrs[docs,tests]", "pre-commit"]
docs = ["furo", "myst-parser", "sphinx", "sphinx-notfound-page", "sphinxcontrib-towncrier", "towncrier", "zope-interface"]
tests = ["attrs[tests-no-zope]", "zope-interface"]
tests-no-zope = ["cloudpickle", "hypothesis", "mypy (>=1.1.1)", "pympler", "pytest (>=4.3.0)", "pytest-mypy-plugins", "pytest-xdist[psutil]"]

[[package]]
name = "certifi"
version = "2023.11.17"
description = "Python package for providing Mozilla's CA Bundle."
optional = false
python-versions = ">=3.6"
files = [
    {file = "certifi-2023.11.17-py3-none-any.whl", hash = "sha256:e036ab49d5b79556f99cfc2d9320b34cfbe5be05c5871b51de9329f0603b0474"},
    {file = "certifi-2023.11.17.tar.gz", hash = "sha256:9b469f3a900bf28dc19b8cfbf8019bf47f7fdd1a65a1d4ffb98fc14166beb4d1"},
]

[[package]]
name = "colorama"
version = "0.4.6"
description = "Cross-platform colored terminal text."
optional = false
python-versions = "!=3.0.*,!=3.1.*,!=3.2.*,!=3.3.*,!=3.4.*,!=3.5.*,!=3.6.*,>=2.7"
files = [
    {file = "colorama-0.4.6-py2.py3-none-any.whl", hash = "sha256:4f1d9991f5acc0ca119f9d443620b77f9d6b33703e51011c16baf57afb285fc6"},
    {file = "colorama-0.4.6.tar.gz", hash = "sha256:08695f5cb7ed6e0531a20572697297273c47b8cae5a63ffc6d6ed5c201be6e44"},
]

[[package]]
name = "exceptiongroup"
version = "1.2.0"
description = "Backport of PEP 654 (exception groups)"
optional = false
python-versions = ">=3.7"
files = [
    {file = "exceptiongroup-1.2.0-py3-none-any.whl", hash = "sha256:4bfd3996ac73b41e9b9628b04e079f193850720ea5945fc96a08633c66912f14"},
    {file = "exceptiongroup-1.2.0.tar.gz", hash = "sha256:91f5c769735f051a4290d52edd0858999b57e5876e9f85937691bd4c9fa3ed68"},
]

[package.extras]
test = ["pytest (>=6)"]

[[package]]
name = "h11"
version = "0.14.0"
description = "A pure-Python, bring-your-own-I/O implementation of HTTP/1.1"
optional = false
python-versions = ">=3.7"
files = [
    {file = "h11-0.14.0-py3-none-any.whl", hash = "sha256:e3fe4ac4b851c468cc8363d500db52c2ead036020723024a109d37346efaa761"},
    {file = "h11-0.14.0.tar.gz", hash = "sha256:8f19fbbe99e72420ff35c00b27a34cb9937e902a8b810e2c88300c6f0a3b699d"},
]

[[package]]
name = "httpcore"
version = "1.0.2"
description = "A minimal low-level HTTP client."
optional = false
python-versions = ">=3.8"
files = [
    {file = "httpcore-1.0.2-py3-none-any.whl", hash = "sha256:096cc05bca73b8e459a1fc3dcf585148f63e534eae4339559c9b8a8d6399acc7"},
    {file = "httpcore-1.0.2.tar.gz", hash = "sha256:9fc092e4799b26174648e54b74ed5f683132a464e95643b226e00c2ed2fa6535"},
]

[package.dependencies]
certifi = "*"
h11 = ">=0.13,<0.15"

[package.extras]
asyncio = ["anyio (>=4.0,<5.0)"]
http2 = ["h2 (>=3,<5)"]
socks = ["socksio (==1.*)"]
trio = ["trio (>=0.22.0,<0.23.0)"]

[[package]]
name = "httpx"
version = "0.25.2"
description = "The next generation HTTP client."
optional = false
python-versions = ">=3.8"
files = [
    {file = "httpx-0.25.2-py3-none-any.whl", hash = "sha256:a05d3d052d9b2dfce0e3896636467f8a5342fb2b902c819428e1ac65413ca118"},
    {file = "httpx-0.25.2.tar.gz", hash = "sha256:8b8fcaa0c8ea7b05edd69a094e63a2094c4efcb48129fb757361bc423c0ad9e8"},
]

[package.dependencies]
anyio = "*"
certifi = "*"
httpcore = "==1.*"
idna = "*"
sniffio = "*"

[package.extras]
brotli = ["brotli", "brotlicffi"]
cli = ["click (==8.*)", "pygments (==2.*)", "rich (>=10,<14)"]
http2 = ["h2 (>=3,<5)"]
socks = ["socksio (==1.*)"]

[[package]]
name = "idna"
version = "3.6"
description = "Internationalized Domain Names in Applications (IDNA)"
optional = false
python-versions = ">=3.5"
files = [
    {file = "idna-3.6-py3-none-any.whl", hash = "sha256:c05567e9c24a6b9faaa835c4821bad0590fbb9d5779e7caa6e1cc4978e7eb24f"},
    {file = "idna-3.6.tar.gz", hash = "sha256:9ecdbbd083b06798ae1e86adcbfe8ab1479cf864e4ee30fe4e46a003d12491ca"},
]

[[package]]
name = "iniconfig"
version = "2.0.0"
description = "brain-dead simple config-ini parsing"
optional = false
python-versions = ">=3.7"
files = [
    {file = "iniconfig-2.0.0-py3-none-any.whl", hash = "sha256:b6a85871a79d2e3b22d2d1b94ac2824226a63c6b741c88f7ae975f18b6778374"},
    {file = "iniconfig-2.0.0.tar.gz", hash = "sha256:2d91e135bf72d31a410b17c16da610a82cb55f6b0477d1a902134b24a455b8b3"},
]

[[package]]
name = "packaging"
version = "23.2"
description = "Core utilities for Python packages"
optional = false
python-versions = ">=3.7"
files = [
    {file = "packaging-23.2-py3-none-any.whl", hash = "sha256:8c491190033a9af7e1d931d0b5dacc2ef47509b34dd0de67ed209b5203fc88c7"},
    {file = "packaging-23.2.tar.gz", hash = "sha256:048fb0e9405036518eaaf48a55953c750c11e1a1b68e0dd1a9d62ed0c092cfc5"},
]

[[package]]
name = "pluggy"
version = "1.3.0"
description = "plugin and hook calling mechanisms for python"
optional = false
python-versions = ">=3.8"
files = [
    {file = "pluggy-1.3.0-py3-none-any.whl", hash = "sha256:d89c696a773f8bd377d18e5ecda92b7a3793cbe66c87060a6fb58c7b6e1061f7"},
    {file = "pluggy-1.3.0.tar.gz", hash = "sha256:cf61ae8f126ac6f7c451172cf30e3e43d3ca77615509771b3a984a0730651e12"},
]

[package.extras]
dev = ["pre-commit", "tox"]
testing = ["pytest", "pytest-benchmark"]

[[package]]
name = "pytest"
version = "7.4.3"
description = "pytest: simple powerful testing with Python"
optional = false
python-versions = ">=3.7"
files = [
    {file = "pytest-7.4.3-py3-none-any.whl", hash = "sha256:0d009c083ea859a71b76adf7c1d502e4bc170b80a8ef002da5806527b9591fac"},
    {file = "pytest-7.4.3.tar.gz", hash = "sha256:d989d136982de4e3b29dabcc838ad581c64e8ed52c11fbe86ddebd9da0818cd5"},
]

[package.dependencies]
colorama = {version = "*", markers = "sys_platform == \"win32\""}
exceptiongroup = {version = ">=1.0.0rc8", markers = "python_version < \"3.11\""}
iniconfig = "*"
packaging = "*"
pluggy = ">=0.12,<2.0"
tomli = {version = ">=1.0.0", markers = "python_version < \"3.11\""}

[package.extras]
testing = ["argcomplete", "attrs (>=19.2.0)", "hypothesis (>=3.56)", "mock", "nose", "pygments (>=2.7.2)", "requests", "setuptools", "xmlschema"]

[[package]]
name = "python-dateutil"
version = "2.8.2"
description = "Extensions to the standard Python datetime module"
optional = false
python-versions = "!=3.0.*,!=3.1.*,!=3.2.*,>=2.7"
files = [
    {file = "python-dateutil-2.8.2.tar.gz", hash = "sha256:0123cacc1627ae19ddf3c27a5de5bd67ee4586fbdd6440d9748f8abb483d3e86"},
    {file = "python_dateutil-2.8.2-py2.py3-none-any.whl", hash = "sha256:961d03dc3453ebbc59dbdea9e4e11c5651520a876d0f4db161e8674aae935da9"},
]

[package.dependencies]
six = ">=1.5"

[[package]]
name = "respx"
version = "0.20.2"
description = "A utility for mocking out the Python HTTPX and HTTP Core libraries."
optional = false
python-versions = ">=3.7"
files = [
    {file = "respx-0.20.2-py2.py3-none-any.whl", hash = "sha256:ab8e1cf6da28a5b2dd883ea617f8130f77f676736e6e9e4a25817ad116a172c9"},
    {file = "respx-0.20.2.tar.gz", hash = "sha256:07cf4108b1c88b82010f67d3c831dae33a375c7b436e54d87737c7f9f99be643"},
]

[package.dependencies]
httpx = ">=0.21.0"

[[package]]
name = "six"
version = "1.16.0"
description = "Python 2 and 3 compatibility utilities"
optional = false
python-versions = ">=2.7, !=3.0.*, !=3.1.*, !=3.2.*"
files = [
    {file = "six-1.16.0-py2.py3-none-any.whl", hash = "sha256:8abb2f1d86890a2dfb989f9a77cfcfd3e47c2a354b01111771326f8aa26e0254"},
    {file = "six-1.16.0.tar.gz", hash = "sha256:1e61c37477a1626458e36f7b1d82aa5c9b094fa4802892072e49de9c60c4c926"},
]

[[package]]
name = "sniffio"
version = "1.3.0"
description = "Sniff out which async library your code is running under"
optional = false
python-versions = ">=3.7"
files = [
    {file = "sniffio-1.3.0-py3-none-any.whl", hash = "sha256:eecefdce1e5bbfb7ad2eeaabf7c1eeb404d7757c379bd1f7e5cce9d8bf425384"},
    {file = "sniffio-1.3.0.tar.gz", hash = "sha256:e60305c5e5d314f5389259b7f22aaa33d8f7dee49763119234af3755c55b9101"},
]

[[package]]
name = "time-machine"
version = "2.13.0"
description = "Travel through time in your tests."
optional = false
python-versions = ">=3.8"
files = [
    {file = "time_machine-2.13.0-cp310-cp310-macosx_10_9_universal2.whl", hash = "sha256:685d98593f13649ad5e7ce3e58efe689feca1badcf618ba397d3ab877ee59326"},
    {file = "time_machine-2.13.0-cp310-cp310-macosx_10_9_x86_64.whl", hash = "sha256:ccbce292380ebf63fb9a52e6b03d91677f6a003e0c11f77473efe3913a75f289"},
    {file = "time_machine-2.13.0-cp310-cp310-manylinux_2_17_aarch64.manylinux2014_aarch64.whl", hash = "sha256:679cbf9b15bfde1654cf48124128d3fbe52f821fa158a98fcee5fe7e05db1917"},
    {file = "time_machine-2.13.0-cp310-cp310-manylinux_2_5_i686.manylinux1_i686.manylinux_2_17_i686.manylinux2014_i686.whl", hash = "sha256:a26bdf3462d5f12a4c1009fdbe54366c6ef22c7b6f6808705b51dedaaeba8296"},
    {file = "time_machine-2.13.0-cp310-cp310-manylinux_2_5_x86_64.manylinux1_x86_64.manylinux_2_17_x86_64.manylinux2014_x86_64.whl", hash = "sha256:dabb3b155819811b4602f7e9be936e2024e20dc99a90f103e36b45768badf9c3"},
    {file = "time_machine-2.13.0-cp310-cp310-musllinux_1_1_aarch64.whl", hash = "sha256:0db97f92be3efe0ac62fd3f933c91a78438cef13f283b6dfc2ee11123bfd7d8a"},
    {file = "time_machine-2.13.0-cp310-cp310-musllinux_1_1_i686.whl", hash = "sha256:12eed2e9171c85b703d75c985dab2ecad4fe7025b7d2f842596fce1576238ece"},
    {file = "time_machine-2.13.0-cp310-cp310-musllinux_1_1_x86_64.whl", hash = "sha256:bdfe4a7f033e6783c3e9a7f8d8fc0b115367330762e00a03ff35fedf663994f3"},
    {file = "time_machine-2.13.0-cp310-cp310-win32.whl", hash = "sha256:3a7a0a49ce50d9c306c4343a7d6a3baa11092d4399a4af4355c615ccc321a9d3"},
    {file = "time_machine-2.13.0-cp310-cp310-win_amd64.whl", hash = "sha256:1812e48c6c58707db9988445a219a908a710ea065b2cc808d9a50636291f27d4"},
    {file = "time_machine-2.13.0-cp310-cp310-win_arm64.whl", hash = "sha256:5aee23cd046abf9caeddc982113e81ba9097a01f3972e9560f5ed64e3495f66d"},
    {file = "time_machine-2.13.0-cp311-cp311-macosx_10_9_universal2.whl", hash = "sha256:e9a9d150e098be3daee5c9f10859ab1bd14a61abebaed86e6d71f7f18c05b9d7"},
    {file = "time_machine-2.13.0-cp311-cp311-macosx_10_9_x86_64.whl", hash = "sha256:2bd4169b808745d219a69094b3cb86006938d45e7293249694e6b7366225a186"},
    {file = "time_machine-2.13.0-cp311-cp311-macosx_13_0_arm64.whl", hash = "sha256:8d526cdcaca06a496877cfe61cc6608df2c3a6fce210e076761964ebac7f77cc"},
    {file = "time_machine-2.13.0-cp311-cp311-manylinux_2_17_aarch64.manylinux2014_aarch64.whl", hash = "sha256:cfef4ebfb4f055ce3ebc7b6c1c4d0dbfcffdca0e783ad8c6986c992915a57ed3"},
    {file = "time_machine-2.13.0-cp311-cp311-manylinux_2_5_i686.manylinux1_i686.manylinux_2_17_i686.manylinux2014_i686.whl", hash = "sha256:9f128db8997c3339f04f7f3946dd9bb2a83d15e0a40d35529774da1e9e501511"},
    {file = "time_machine-2.13.0-cp311-cp311-manylinux_2_5_x86_64.manylinux1_x86_64.manylinux_2_17_x86_64.manylinux2014_x86_64.whl", hash = "sha256:21bef5854d49b62e2c33848b5c3e8acf22a3b46af803ef6ff19529949cb7cf9f"},
    {file = "time_machine-2.13.0-cp311-cp311-musllinux_1_1_aarch64.whl", hash = "sha256:32b71e50b07f86916ac04bd1eefc2bd2c93706b81393748b08394509ee6585dc"},
    {file = "time_machine-2.13.0-cp311-cp311-musllinux_1_1_i686.whl", hash = "sha256:1ac8ff145c63cd0dcfd9590fe694b5269aacbc130298dc7209b095d101f8cdde"},
    {file = "time_machine-2.13.0-cp311-cp311-musllinux_1_1_x86_64.whl", hash = "sha256:19a3b10161c91ca8e0fd79348665cca711fd2eac6ce336ff9e6b447783817f93"},
    {file = "time_machine-2.13.0-cp311-cp311-win32.whl", hash = "sha256:5f87787d562e42bf1006a87eb689814105b98c4d5545874a281280d0f8b9a2d9"},
    {file = "time_machine-2.13.0-cp311-cp311-win_amd64.whl", hash = "sha256:62fd14a80b8b71726e07018628daaee0a2e00937625083f96f69ed6b8e3304c0"},
    {file = "time_machine-2.13.0-cp311-cp311-win_arm64.whl", hash = "sha256:e9935aff447f5400a2665ab10ed2da972591713080e1befe1bb8954e7c0c7806"},
    {file = "time_machine-2.13.0-cp312-cp312-macosx_10_9_universal2.whl", hash = "sha256:34dcdbbd25c1e124e17fe58050452960fd16a11f9d3476aaa87260e28ecca0fd"},
    {file = "time_machine-2.13.0-cp312-cp312-macosx_10_9_x86_64.whl", hash = "sha256:e58d82fe0e59d6e096ada3281d647a2e7420f7da5453b433b43880e1c2e8e0c5"},
    {file = "time_machine-2.13.0-cp312-cp312-manylinux_2_17_aarch64.manylinux2014_aarch64.whl", hash = "sha256:71acbc1febbe87532c7355eca3308c073d6e502ee4ce272b5028967847c8e063"},
    {file = "time_machine-2.13.0-cp312-cp312-manylinux_2_5_i686.manylinux1_i686.manylinux_2_17_i686.manylinux2014_i686.whl", hash = "sha256:dec0ec2135a4e2a59623e40c31d6e8a8ae73305ade2634380e4263d815855750"},
    {file = "time_machine-2.13.0-cp312-cp312-manylinux_2_5_x86_64.manylinux1_x86_64.manylinux_2_17_x86_64.manylinux2014_x86_64.whl", hash = "sha256:4e3a2611f8788608ebbcb060a5e36b45911bc3b8adc421b1dc29d2c81786ce4d"},
    {file = "time_machine-2.13.0-cp312-cp312-musllinux_1_1_aarch64.whl", hash = "sha256:42ef5349135626ad6cd889a0a81400137e5c6928502b0817ea9e90bb10702000"},
    {file = "time_machine-2.13.0-cp312-cp312-musllinux_1_1_i686.whl", hash = "sha256:6c16d90a597a8c2d3ce22d6be2eb3e3f14786974c11b01886e51b3cf0d5edaf7"},
    {file = "time_machine-2.13.0-cp312-cp312-musllinux_1_1_x86_64.whl", hash = "sha256:4f2ae8d0e359b216b695f1e7e7256f208c390db0480601a439c5dd1e1e4e16ce"},
    {file = "time_machine-2.13.0-cp312-cp312-win32.whl", hash = "sha256:f5fa9610f7e73fff42806a2ed8b06d862aa59ce4d178a52181771d6939c3e237"},
    {file = "time_machine-2.13.0-cp312-cp312-win_amd64.whl", hash = "sha256:02b33a8c19768c94f7ffd6aa6f9f64818e88afce23250016b28583929d20fb12"},
    {file = "time_machine-2.13.0-cp312-cp312-win_arm64.whl", hash = "sha256:0cc116056a8a2a917a4eec85661dfadd411e0d8faae604ef6a0e19fe5cd57ef1"},
    {file = "time_machine-2.13.0-cp38-cp38-macosx_10_9_universal2.whl", hash = "sha256:de01f33aa53da37530ad97dcd17e9affa25a8df4ab822506bb08101bab0c2673"},
    {file = "time_machine-2.13.0-cp38-cp38-macosx_10_9_x86_64.whl", hash = "sha256:67fa45cd813821e4f5bec0ac0820869e8e37430b15509d3f5fad74ba34b53852"},
    {file = "time_machine-2.13.0-cp38-cp38-manylinux_2_17_aarch64.manylinux2014_aarch64.whl", hash = "sha256:d4a2d3db2c3b8e519d5ef436cd405abd33542a7b7761fb05ef5a5f782a8ce0b1"},
    {file = "time_machine-2.13.0-cp38-cp38-manylinux_2_5_i686.manylinux1_i686.manylinux_2_17_i686.manylinux2014_i686.whl", hash = "sha256:7558622a62243be866a7e7c41da48eacd82c874b015ecf67d18ebf65ca3f7436"},
    {file = "time_machine-2.13.0-cp38-cp38-manylinux_2_5_x86_64.manylinux1_x86_64.manylinux_2_17_x86_64.manylinux2014_x86_64.whl", hash = "sha256:ab04cf4e56e1ee65bee2adaa26a04695e92eb1ed1ccc65fbdafd0d114399595a"},
    {file = "time_machine-2.13.0-cp38-cp38-musllinux_1_1_aarch64.whl", hash = "sha256:b0c8f24ae611a58782773af34dd356f1f26756272c04be2be7ea73b47e5da37d"},
    {file = "time_machine-2.13.0-cp38-cp38-musllinux_1_1_i686.whl", hash = "sha256:4ca20f85a973a4ca8b00cf466cd72c27ccc72372549b138fd48d7e70e5a190ab"},
    {file = "time_machine-2.13.0-cp38-cp38-musllinux_1_1_x86_64.whl", hash = "sha256:9fad549521c4c13bdb1e889b2855a86ec835780d534ffd8f091c2647863243be"},
    {file = "time_machine-2.13.0-cp38-cp38-win32.whl", hash = "sha256:20205422fcf2caf9a7488394587df86e5b54fdb315c1152094fbb63eec4e9304"},
    {file = "time_machine-2.13.0-cp38-cp38-win_amd64.whl", hash = "sha256:2dc76ee55a7d915a55960a726ceaca7b9097f67e4b4e681ef89871bcf98f00be"},
    {file = "time_machine-2.13.0-cp39-cp39-macosx_10_9_universal2.whl", hash = "sha256:7693704c0f2f6b9beed912ff609781edf5fcf5d63aff30c92be4093e09d94b8e"},
    {file = "time_machine-2.13.0-cp39-cp39-macosx_10_9_x86_64.whl", hash = "sha256:918f8389de29b4f41317d121f1150176fae2cdb5fa41f68b2aee0b9dc88df5c3"},
    {file = "time_machine-2.13.0-cp39-cp39-manylinux_2_17_aarch64.manylinux2014_aarch64.whl", hash = "sha256:5fe3fda5fa73fec74278912e438fce1612a79c36fd0cc323ea3dc2d5ce629f31"},
    {file = "time_machine-2.13.0-cp39-cp39-manylinux_2_5_i686.manylinux1_i686.manylinux_2_17_i686.manylinux2014_i686.whl", hash = "sha256:5c6245db573863b335d9ca64b3230f623caf0988594ae554c0c794e7f80e3e66"},
    {file = "time_machine-2.13.0-cp39-cp39-manylinux_2_5_x86_64.manylinux1_x86_64.manylinux_2_17_x86_64.manylinux2014_x86_64.whl", hash = "sha256:e433827eccd6700a34a2ab28fd9361ff6e4d4923f718d2d1dac6d1dcd9d54da6"},
    {file = "time_machine-2.13.0-cp39-cp39-musllinux_1_1_aarch64.whl", hash = "sha256:924377d398b1c48e519ad86a71903f9f36117f69e68242c99fb762a2465f5ad2"},
    {file = "time_machine-2.13.0-cp39-cp39-musllinux_1_1_i686.whl", hash = "sha256:66fb3877014dca0b9286b0f06fa74062357bd23f2d9d102d10e31e0f8fa9b324"},
    {file = "time_machine-2.13.0-cp39-cp39-musllinux_1_1_x86_64.whl", hash = "sha256:0c9829b2edfcf6b5d72a6ff330d4380f36a937088314c675531b43d3423dd8af"},
    {file = "time_machine-2.13.0-cp39-cp39-win32.whl", hash = "sha256:1a22be4df364f49a507af4ac9ea38108a0105f39da3f9c60dce62d6c6ea4ccdc"},
    {file = "time_machine-2.13.0-cp39-cp39-win_amd64.whl", hash = "sha256:88601de1da06c7cab3d5ed3d5c3801ef683366e769e829e96383fdab6ae2fe42"},
    {file = "time_machine-2.13.0-cp39-cp39-win_arm64.whl", hash = "sha256:3c87856105dcb25b5bbff031d99f06ef4d1c8380d096222e1bc63b496b5258e6"},
    {file = "time_machine-2.13.0.tar.gz", hash = "sha256:c23b2408e3adcedec84ea1131e238f0124a5bc0e491f60d1137ad7239b37c01a"},
]

[package.dependencies]
python-dateutil = "*"

[[package]]
name = "tomli"
version = "2.0.1"
description = "A lil' TOML parser"
optional = false
python-versions = ">=3.7"
files = [
    {file = "tomli-2.0.1-py3-none-any.whl", hash = "sha256:939de3e7a6161af0c887ef91b7d41a53e7c5a1ca976325f429cb46ea9bc30ecc"},
    {file = "tomli-2.0.1.tar.gz", hash = "sha256:de526c12914f0c550d15924c62d72abc48d6fe7364aa87328337a31007fe8a4f"},
]

[[package]]
name = "typing-extensions"
version = "4.9.0"
description = "Backported and Experimental Type Hints for Python 3.8+"
optional = false
python-versions = ">=3.8"
files = [
    {file = "typing_extensions-4.9.0-py3-none-any.whl", hash = "sha256:af72aea155e91adfc61c3ae9e0e342dbc0cba726d6cba4b6c72c1f34e47291cd"},
    {file = "typing_extensions-4.9.0.tar.gz", hash = "sha256:23478f88c37f27d76ac8aee6c905017a143b0b1b886c3c9f66bc2fd94f9f5783"},
]

[metadata]
lock-version = "2.0"
python-versions = "^3.8"
content-hash = "571cf48c32b1b1b603872257fb44da8d726cc7c3781d1d0b02075517677e2636"
